# This file is automatically @generated by Cargo.
# It is not intended for manual editing.
version = 4

[[package]]
name = "tesi-buffer"
version = "0.1.0"

[[package]]
name = "tesi-graph"
version = "0.0.0"
dependencies = [
 "tesi-buffer",
 "tesi-processor",
 "tesi-util",
]

[[package]]
name = "tesi-processor"
version = "0.1.0"
dependencies = [
 "tesi-buffer",
]

[[package]]
name = "tesi-util"
version = "0.1.0"
